
Microsoft Visual Studio Solution File, Format Version 12.00
# Visual Studio Version 16
VisualStudioVersion = 16.0.31410.357
MinimumVisualStudioVersion = 10.0.40219.1
Project("{FAE04EC0-301F-11D3-BF4B-00C04F79EFBC}") = "DontInterruptMe", "DontInterruptMe.csproj", "{08FF9CFF-57EA-48D0-9786-F3D1B2D2EAD0}"
EndProject
Global
	GlobalSection(SolutionConfigurationPlatforms) = preSolution
		Debug|Any CPU = Debug|Any CPU
		Release|Any CPU = Release|Any CPU
	EndGlobalSection
	GlobalSection(ProjectConfigurationPlatforms) = postSolution
		{08FF9CFF-57EA-48D0-9786-F3D1B2D2EAD0}.Debug|Any CPU.ActiveCfg = Debug|Any CPU
		{08FF9CFF-57EA-48D0-9786-F3D1B2D2EAD0}.Debug|Any CPU.Build.0 = Debug|Any CPU
		{08FF9CFF-57EA-48D0-9786-F3D1B2D2EAD0}.Release|Any CPU.ActiveCfg = Release|Any CPU
		{08FF9CFF-57EA-48D0-9786-F3D1B2D2EAD0}.Release|Any CPU.Build.0 = Release|Any CPU
	EndGlobalSection
	GlobalSection(SolutionProperties) = preSolution
		HideSolutionNode = FALSE
	EndGlobalSection
	GlobalSection(ExtensibilityGlobals) = postSolution
		SolutionGuid = {048DEA4B-D0B6-493C-834B-3240E65E4503}
	EndGlobalSection
EndGlobal
